
Microsoft Visual Studio Solution File, Format Version 12.00
# Visual Studio 15
VisualStudioVersion = 15.0.28010.2036
MinimumVisualStudioVersion = 10.0.40219.1
Project("{FAE04EC0-301F-11D3-BF4B-00C04F79EFBC}") = "WebApplication2", "WebApplication2\WebApplication2.csproj", "{975D06EE-9088-44C3-940D-0DE58CFADCF0}"
EndProject
Global
	GlobalSection(SolutionConfigurationPlatforms) = preSolution
		Debug|Any CPU = Debug|Any CPU
		Release|Any CPU = Release|Any CPU
	EndGlobalSection
	GlobalSection(ProjectConfigurationPlatforms) = postSolution
		{975D06EE-9088-44C3-940D-0DE58CFADCF0}.Debug|Any CPU.ActiveCfg = Debug|Any CPU
		{975D06EE-9088-44C3-940D-0DE58CFADCF0}.Debug|Any CPU.Build.0 = Debug|Any CPU
		{975D06EE-9088-44C3-940D-0DE58CFADCF0}.Release|Any CPU.ActiveCfg = Release|Any CPU
		{975D06EE-9088-44C3-940D-0DE58CFADCF0}.Release|Any CPU.Build.0 = Release|Any CPU
	EndGlobalSection
	GlobalSection(SolutionProperties) = preSolution
		HideSolutionNode = FALSE
	EndGlobalSection
	GlobalSection(ExtensibilityGlobals) = postSolution
		SolutionGuid = {B6D64A37-AD7D-4536-ACD9-2634A464526B}
	EndGlobalSection
EndGlobal
